
Microsoft Visual Studio Solution File, Format Version 12.00
# Visual Studio Version 17
VisualStudioVersion = 17.0.32126.317
MinimumVisualStudioVersion = 10.0.40219.1
Project("{2150E333-8FDC-42A3-9474-1A3956D46DE8}") = "Reports", "Reports", "{DBC8B925-6625-4ACB-9D4A-3D98999821CB}"
EndProject
Project("{9A19103F-16F7-4668-BE54-9A1E7A4F7556}") = "the80by20.App", "src\the80by20.App\the80by20.App.csproj", "{17E03AC9-1103-4088-89D3-D14412A1CC58}"
EndProject
Project("{9A19103F-16F7-4668-BE54-9A1E7A4F7556}") = "the80by20.Domain", "src\the80by20.Domain\the80by20.Domain.csproj", "{26B05821-600B-4FF8-99CE-BC5CCC744F5E}"
EndProject
Project("{9A19103F-16F7-4668-BE54-9A1E7A4F7556}") = "the80by20.Infrastructure", "src\the80by20.Infrastructure\the80by20.Infrastructure.csproj", "{934AF79F-69B7-4F9B-B997-955F2DE398C1}"
EndProject
Project("{9A19103F-16F7-4668-BE54-9A1E7A4F7556}") = "the80by20.WebApi", "src\the80by20.WebApi\the80by20.WebApi.csproj", "{CAD02EFD-DEB3-4FF4-82E2-52F185C2318E}"
EndProject
Project("{9A19103F-16F7-4668-BE54-9A1E7A4F7556}") = "the80by20.Reports", "src\Reports\the80by20.Reports\the80by20.Reports.csproj", "{ED762F98-D9D0-4C42-8D74-22D1B8C7719F}"
EndProject
Project("{2150E333-8FDC-42A3-9474-1A3956D46DE8}") = "Tools", "Tools", "{2304AB52-C945-426E-931F-02DCA0445F18}"
EndProject
Project("{FAE04EC0-301F-11D3-BF4B-00C04F79EFBC}") = "the80by20.EventsSubsrciber", "src\Reports\the80by20.EventsSubsrciber\the80by20.EventsSubsrciber.csproj", "{C2794FE6-6845-4B76-A074-4DAB3D367AA2}"
EndProject
Project("{FAE04EC0-301F-11D3-BF4B-00C04F79EFBC}") = "the80by20.Common", "src\the80by20.Common\the80by20.Common.csproj", "{DD8CF84E-0185-4C37-BCC4-8108D6335591}"
EndProject
Project("{FAE04EC0-301F-11D3-BF4B-00C04F79EFBC}") = "the80by20.Sandbox", "tools\the80by20.Sandbox\the80by20.Sandbox.csproj", "{84672A1C-B2C2-4A33-8619-4C80C98104AA}"
EndProject
Project("{2150E333-8FDC-42A3-9474-1A3956D46DE8}") = "project-know-how", "project-know-how", "{1ED5205A-C3C9-43A2-80A9-BB21513AC35F}"
	ProjectSection(SolutionItems) = preProject
		tools\migrations-and-eddbcontext.md = tools\migrations-and-eddbcontext.md
	EndProjectSection
EndProject
Project("{2150E333-8FDC-42A3-9474-1A3956D46DE8}") = "tests", "tests", "{EF6A215E-AE67-49EC-A86F-2FE520D3D178}"
EndProject
Project("{FAE04EC0-301F-11D3-BF4B-00C04F79EFBC}") = "the80by20.Tests.Integration", "tests\the80by20.Tests.Integration\the80by20.Tests.Integration.csproj", "{082CB038-E895-44BB-8E8B-A25206C676BC}"
EndProject
Project("{FAE04EC0-301F-11D3-BF4B-00C04F79EFBC}") = "the80by20.Unit", "tests\the80by20.Unit\the80by20.Unit.csproj", "{B1E9BE2B-BAF9-401F-AACB-8FD9CE3FE145}"
EndProject
Global
	GlobalSection(SolutionConfigurationPlatforms) = preSolution
		Debug|Any CPU = Debug|Any CPU
		Release|Any CPU = Release|Any CPU
	EndGlobalSection
	GlobalSection(ProjectConfigurationPlatforms) = postSolution
		{17E03AC9-1103-4088-89D3-D14412A1CC58}.Debug|Any CPU.ActiveCfg = Debug|Any CPU
		{17E03AC9-1103-4088-89D3-D14412A1CC58}.Debug|Any CPU.Build.0 = Debug|Any CPU
		{17E03AC9-1103-4088-89D3-D14412A1CC58}.Release|Any CPU.ActiveCfg = Release|Any CPU
		{17E03AC9-1103-4088-89D3-D14412A1CC58}.Release|Any CPU.Build.0 = Release|Any CPU
		{26B05821-600B-4FF8-99CE-BC5CCC744F5E}.Debug|Any CPU.ActiveCfg = Debug|Any CPU
		{26B05821-600B-4FF8-99CE-BC5CCC744F5E}.Debug|Any CPU.Build.0 = Debug|Any CPU
		{26B05821-600B-4FF8-99CE-BC5CCC744F5E}.Release|Any CPU.ActiveCfg = Release|Any CPU
		{26B05821-600B-4FF8-99CE-BC5CCC744F5E}.Release|Any CPU.Build.0 = Release|Any CPU
		{934AF79F-69B7-4F9B-B997-955F2DE398C1}.Debug|Any CPU.ActiveCfg = Debug|Any CPU
		{934AF79F-69B7-4F9B-B997-955F2DE398C1}.Debug|Any CPU.Build.0 = Debug|Any CPU
		{934AF79F-69B7-4F9B-B997-955F2DE398C1}.Release|Any CPU.ActiveCfg = Release|Any CPU
		{934AF79F-69B7-4F9B-B997-955F2DE398C1}.Release|Any CPU.Build.0 = Release|Any CPU
		{CAD02EFD-DEB3-4FF4-82E2-52F185C2318E}.Debug|Any CPU.ActiveCfg = Debug|Any CPU
		{CAD02EFD-DEB3-4FF4-82E2-52F185C2318E}.Debug|Any CPU.Build.0 = Debug|Any CPU
		{CAD02EFD-DEB3-4FF4-82E2-52F185C2318E}.Release|Any CPU.ActiveCfg = Release|Any CPU
		{CAD02EFD-DEB3-4FF4-82E2-52F185C2318E}.Release|Any CPU.Build.0 = Release|Any CPU
		{ED762F98-D9D0-4C42-8D74-22D1B8C7719F}.Debug|Any CPU.ActiveCfg = Debug|Any CPU
		{ED762F98-D9D0-4C42-8D74-22D1B8C7719F}.Debug|Any CPU.Build.0 = Debug|Any CPU
		{ED762F98-D9D0-4C42-8D74-22D1B8C7719F}.Release|Any CPU.ActiveCfg = Release|Any CPU
		{ED762F98-D9D0-4C42-8D74-22D1B8C7719F}.Release|Any CPU.Build.0 = Release|Any CPU
		{C2794FE6-6845-4B76-A074-4DAB3D367AA2}.Debug|Any CPU.ActiveCfg = Debug|Any CPU
		{C2794FE6-6845-4B76-A074-4DAB3D367AA2}.Debug|Any CPU.Build.0 = Debug|Any CPU
		{C2794FE6-6845-4B76-A074-4DAB3D367AA2}.Release|Any CPU.ActiveCfg = Release|Any CPU
		{C2794FE6-6845-4B76-A074-4DAB3D367AA2}.Release|Any CPU.Build.0 = Release|Any CPU
		{DD8CF84E-0185-4C37-BCC4-8108D6335591}.Debug|Any CPU.ActiveCfg = Debug|Any CPU
		{DD8CF84E-0185-4C37-BCC4-8108D6335591}.Debug|Any CPU.Build.0 = Debug|Any CPU
		{DD8CF84E-0185-4C37-BCC4-8108D6335591}.Release|Any CPU.ActiveCfg = Release|Any CPU
		{DD8CF84E-0185-4C37-BCC4-8108D6335591}.Release|Any CPU.Build.0 = Release|Any CPU
		{84672A1C-B2C2-4A33-8619-4C80C98104AA}.Debug|Any CPU.ActiveCfg = Debug|Any CPU
		{84672A1C-B2C2-4A33-8619-4C80C98104AA}.Debug|Any CPU.Build.0 = Debug|Any CPU
		{84672A1C-B2C2-4A33-8619-4C80C98104AA}.Release|Any CPU.ActiveCfg = Release|Any CPU
		{84672A1C-B2C2-4A33-8619-4C80C98104AA}.Release|Any CPU.Build.0 = Release|Any CPU
		{082CB038-E895-44BB-8E8B-A25206C676BC}.Debug|Any CPU.ActiveCfg = Debug|Any CPU
		{082CB038-E895-44BB-8E8B-A25206C676BC}.Debug|Any CPU.Build.0 = Debug|Any CPU
		{082CB038-E895-44BB-8E8B-A25206C676BC}.Release|Any CPU.ActiveCfg = Release|Any CPU
		{082CB038-E895-44BB-8E8B-A25206C676BC}.Release|Any CPU.Build.0 = Release|Any CPU
		{B1E9BE2B-BAF9-401F-AACB-8FD9CE3FE145}.Debug|Any CPU.ActiveCfg = Debug|Any CPU
		{B1E9BE2B-BAF9-401F-AACB-8FD9CE3FE145}.Debug|Any CPU.Build.0 = Debug|Any CPU
		{B1E9BE2B-BAF9-401F-AACB-8FD9CE3FE145}.Release|Any CPU.ActiveCfg = Release|Any CPU
		{B1E9BE2B-BAF9-401F-AACB-8FD9CE3FE145}.Release|Any CPU.Build.0 = Release|Any CPU
	EndGlobalSection
	GlobalSection(SolutionProperties) = preSolution
		HideSolutionNode = FALSE
	EndGlobalSection
	GlobalSection(NestedProjects) = preSolution
		{ED762F98-D9D0-4C42-8D74-22D1B8C7719F} = {DBC8B925-6625-4ACB-9D4A-3D98999821CB}
		{C2794FE6-6845-4B76-A074-4DAB3D367AA2} = {DBC8B925-6625-4ACB-9D4A-3D98999821CB}
		{84672A1C-B2C2-4A33-8619-4C80C98104AA} = {2304AB52-C945-426E-931F-02DCA0445F18}
		{1ED5205A-C3C9-43A2-80A9-BB21513AC35F} = {2304AB52-C945-426E-931F-02DCA0445F18}
		{082CB038-E895-44BB-8E8B-A25206C676BC} = {EF6A215E-AE67-49EC-A86F-2FE520D3D178}
		{B1E9BE2B-BAF9-401F-AACB-8FD9CE3FE145} = {EF6A215E-AE67-49EC-A86F-2FE520D3D178}
	EndGlobalSection
	GlobalSection(ExtensibilityGlobals) = postSolution
		SolutionGuid = {2EF83377-9D3D-407D-89DA-82A9D7E6B66C}
	EndGlobalSection
EndGlobal
