
Microsoft Visual Studio Solution File, Format Version 12.00
# Visual Studio Version 17
VisualStudioVersion = 17.0.32126.317
MinimumVisualStudioVersion = 10.0.40219.1
Project("{2150E333-8FDC-42A3-9474-1A3956D46DE8}") = "Reports", "Reports", "{DBC8B925-6625-4ACB-9D4A-3D98999821CB}"
EndProject
Project("{9A19103F-16F7-4668-BE54-9A1E7A4F7556}") = "the80by20.App", "src\the80by20.App\the80by20.App.csproj", "{17E03AC9-1103-4088-89D3-D14412A1CC58}"
EndProject
Project("{9A19103F-16F7-4668-BE54-9A1E7A4F7556}") = "the80by20.Domain", "src\the80by20.Domain\the80by20.Domain.csproj", "{26B05821-600B-4FF8-99CE-BC5CCC744F5E}"
EndProject
Project("{9A19103F-16F7-4668-BE54-9A1E7A4F7556}") = "the80by20.Infrastructure", "src\the80by20.Infrastructure\the80by20.Infrastructure.csproj", "{934AF79F-69B7-4F9B-B997-955F2DE398C1}"
EndProject
Project("{9A19103F-16F7-4668-BE54-9A1E7A4F7556}") = "the80by20.WebApi", "src\the80by20.WebApi\the80by20.WebApi.csproj", "{CAD02EFD-DEB3-4FF4-82E2-52F185C2318E}"
EndProject
Project("{9A19103F-16F7-4668-BE54-9A1E7A4F7556}") = "the80by20.Reports", "src\Reports\the80by20.Reports\the80by20.Reports.csproj", "{ED762F98-D9D0-4C42-8D74-22D1B8C7719F}"
EndProject
Project("{2150E333-8FDC-42A3-9474-1A3956D46DE8}") = "Tools", "Tools", "{2304AB52-C945-426E-931F-02DCA0445F18}"
	ProjectSection(SolutionItems) = preProject
		tools\migrations-and-eddbcontext.md = tools\migrations-and-eddbcontext.md
	EndProjectSection
EndProject
Project("{2150E333-8FDC-42A3-9474-1A3956D46DE8}") = "ExperimentsWithcode", "ExperimentsWithcode", "{6ACA73C9-0603-4B3D-87E7-17E1444FEC1B}"
	ProjectSection(SolutionItems) = preProject
		PassingActions.cs = PassingActions.cs
	EndProjectSection
EndProject
Global
	GlobalSection(SolutionConfigurationPlatforms) = preSolution
		Debug|Any CPU = Debug|Any CPU
		Release|Any CPU = Release|Any CPU
	EndGlobalSection
	GlobalSection(ProjectConfigurationPlatforms) = postSolution
		{17E03AC9-1103-4088-89D3-D14412A1CC58}.Debug|Any CPU.ActiveCfg = Debug|Any CPU
		{17E03AC9-1103-4088-89D3-D14412A1CC58}.Debug|Any CPU.Build.0 = Debug|Any CPU
		{17E03AC9-1103-4088-89D3-D14412A1CC58}.Release|Any CPU.ActiveCfg = Release|Any CPU
		{17E03AC9-1103-4088-89D3-D14412A1CC58}.Release|Any CPU.Build.0 = Release|Any CPU
		{26B05821-600B-4FF8-99CE-BC5CCC744F5E}.Debug|Any CPU.ActiveCfg = Debug|Any CPU
		{26B05821-600B-4FF8-99CE-BC5CCC744F5E}.Debug|Any CPU.Build.0 = Debug|Any CPU
		{26B05821-600B-4FF8-99CE-BC5CCC744F5E}.Release|Any CPU.ActiveCfg = Release|Any CPU
		{26B05821-600B-4FF8-99CE-BC5CCC744F5E}.Release|Any CPU.Build.0 = Release|Any CPU
		{934AF79F-69B7-4F9B-B997-955F2DE398C1}.Debug|Any CPU.ActiveCfg = Debug|Any CPU
		{934AF79F-69B7-4F9B-B997-955F2DE398C1}.Debug|Any CPU.Build.0 = Debug|Any CPU
		{934AF79F-69B7-4F9B-B997-955F2DE398C1}.Release|Any CPU.ActiveCfg = Release|Any CPU
		{934AF79F-69B7-4F9B-B997-955F2DE398C1}.Release|Any CPU.Build.0 = Release|Any CPU
		{CAD02EFD-DEB3-4FF4-82E2-52F185C2318E}.Debug|Any CPU.ActiveCfg = Debug|Any CPU
		{CAD02EFD-DEB3-4FF4-82E2-52F185C2318E}.Debug|Any CPU.Build.0 = Debug|Any CPU
		{CAD02EFD-DEB3-4FF4-82E2-52F185C2318E}.Release|Any CPU.ActiveCfg = Release|Any CPU
		{CAD02EFD-DEB3-4FF4-82E2-52F185C2318E}.Release|Any CPU.Build.0 = Release|Any CPU
		{ED762F98-D9D0-4C42-8D74-22D1B8C7719F}.Debug|Any CPU.ActiveCfg = Debug|Any CPU
		{ED762F98-D9D0-4C42-8D74-22D1B8C7719F}.Debug|Any CPU.Build.0 = Debug|Any CPU
		{ED762F98-D9D0-4C42-8D74-22D1B8C7719F}.Release|Any CPU.ActiveCfg = Release|Any CPU
		{ED762F98-D9D0-4C42-8D74-22D1B8C7719F}.Release|Any CPU.Build.0 = Release|Any CPU
	EndGlobalSection
	GlobalSection(SolutionProperties) = preSolution
		HideSolutionNode = FALSE
	EndGlobalSection
	GlobalSection(NestedProjects) = preSolution
		{ED762F98-D9D0-4C42-8D74-22D1B8C7719F} = {DBC8B925-6625-4ACB-9D4A-3D98999821CB}
		{6ACA73C9-0603-4B3D-87E7-17E1444FEC1B} = {2304AB52-C945-426E-931F-02DCA0445F18}
	EndGlobalSection
	GlobalSection(ExtensibilityGlobals) = postSolution
		SolutionGuid = {2EF83377-9D3D-407D-89DA-82A9D7E6B66C}
	EndGlobalSection
EndGlobal
