
Microsoft Visual Studio Solution File, Format Version 12.00
# Visual Studio Version 17
VisualStudioVersion = 17.0.32126.317
MinimumVisualStudioVersion = 10.0.40219.1
Project("{2150E333-8FDC-42A3-9474-1A3956D46DE8}") = "Core", "Core", "{C19979BE-8ECE-4E18-97C1-7EC62EEB7C51}"
EndProject
Project("{2150E333-8FDC-42A3-9474-1A3956D46DE8}") = "Reports", "Reports", "{DBC8B925-6625-4ACB-9D4A-3D98999821CB}"
EndProject
Project("{2150E333-8FDC-42A3-9474-1A3956D46DE8}") = "Administration", "Administration", "{AF8731F1-7BBF-4904-B95E-E240414ADB13}"
EndProject
Project("{9A19103F-16F7-4668-BE54-9A1E7A4F7556}") = "Core.App", "src\Core.App\Core.App.csproj", "{01EE084A-E91D-4214-B489-35C430309C7B}"
EndProject
Project("{9A19103F-16F7-4668-BE54-9A1E7A4F7556}") = "Common", "src\Common\Common.csproj", "{8C2BF58A-0B6E-453F-A08D-AA932F378A54}"
EndProject
Project("{9A19103F-16F7-4668-BE54-9A1E7A4F7556}") = "Core.Domain", "src\Core.Domain\Core.Domain.csproj", "{61E7F04D-AE66-43EB-9C6E-9958A9169372}"
EndProject
Project("{9A19103F-16F7-4668-BE54-9A1E7A4F7556}") = "WebApi", "src\WebApi\WebApi.csproj", "{704B5635-897A-4D29-88C8-05E21866B19F}"
EndProject
Project("{2150E333-8FDC-42A3-9474-1A3956D46DE8}") = "__", "__", "{B748C109-9681-4236-9D56-C746761D8711}"
	ProjectSection(SolutionItems) = preProject
		..\docs\readme\es-picture-that-explains-everything.png = ..\docs\readme\es-picture-that-explains-everything.png
		migrations.md = migrations.md
	EndProjectSection
EndProject
Project("{9A19103F-16F7-4668-BE54-9A1E7A4F7556}") = "Core.Infrastructure", "src\Core.Infrastructure\Core.Infrastructure.csproj", "{9AAE5282-0AFD-4CE3-BB97-8A4ACF627F8E}"
EndProject
Global
	GlobalSection(SolutionConfigurationPlatforms) = preSolution
		Debug|Any CPU = Debug|Any CPU
		Release|Any CPU = Release|Any CPU
	EndGlobalSection
	GlobalSection(ProjectConfigurationPlatforms) = postSolution
		{01EE084A-E91D-4214-B489-35C430309C7B}.Debug|Any CPU.ActiveCfg = Debug|Any CPU
		{01EE084A-E91D-4214-B489-35C430309C7B}.Debug|Any CPU.Build.0 = Debug|Any CPU
		{01EE084A-E91D-4214-B489-35C430309C7B}.Release|Any CPU.ActiveCfg = Release|Any CPU
		{01EE084A-E91D-4214-B489-35C430309C7B}.Release|Any CPU.Build.0 = Release|Any CPU
		{8C2BF58A-0B6E-453F-A08D-AA932F378A54}.Debug|Any CPU.ActiveCfg = Debug|Any CPU
		{8C2BF58A-0B6E-453F-A08D-AA932F378A54}.Debug|Any CPU.Build.0 = Debug|Any CPU
		{8C2BF58A-0B6E-453F-A08D-AA932F378A54}.Release|Any CPU.ActiveCfg = Release|Any CPU
		{8C2BF58A-0B6E-453F-A08D-AA932F378A54}.Release|Any CPU.Build.0 = Release|Any CPU
		{61E7F04D-AE66-43EB-9C6E-9958A9169372}.Debug|Any CPU.ActiveCfg = Debug|Any CPU
		{61E7F04D-AE66-43EB-9C6E-9958A9169372}.Debug|Any CPU.Build.0 = Debug|Any CPU
		{61E7F04D-AE66-43EB-9C6E-9958A9169372}.Release|Any CPU.ActiveCfg = Release|Any CPU
		{61E7F04D-AE66-43EB-9C6E-9958A9169372}.Release|Any CPU.Build.0 = Release|Any CPU
		{704B5635-897A-4D29-88C8-05E21866B19F}.Debug|Any CPU.ActiveCfg = Debug|Any CPU
		{704B5635-897A-4D29-88C8-05E21866B19F}.Debug|Any CPU.Build.0 = Debug|Any CPU
		{704B5635-897A-4D29-88C8-05E21866B19F}.Release|Any CPU.ActiveCfg = Release|Any CPU
		{704B5635-897A-4D29-88C8-05E21866B19F}.Release|Any CPU.Build.0 = Release|Any CPU
		{9AAE5282-0AFD-4CE3-BB97-8A4ACF627F8E}.Debug|Any CPU.ActiveCfg = Debug|Any CPU
		{9AAE5282-0AFD-4CE3-BB97-8A4ACF627F8E}.Debug|Any CPU.Build.0 = Debug|Any CPU
		{9AAE5282-0AFD-4CE3-BB97-8A4ACF627F8E}.Release|Any CPU.ActiveCfg = Release|Any CPU
		{9AAE5282-0AFD-4CE3-BB97-8A4ACF627F8E}.Release|Any CPU.Build.0 = Release|Any CPU
	EndGlobalSection
	GlobalSection(SolutionProperties) = preSolution
		HideSolutionNode = FALSE
	EndGlobalSection
	GlobalSection(NestedProjects) = preSolution
		{01EE084A-E91D-4214-B489-35C430309C7B} = {C19979BE-8ECE-4E18-97C1-7EC62EEB7C51}
		{61E7F04D-AE66-43EB-9C6E-9958A9169372} = {C19979BE-8ECE-4E18-97C1-7EC62EEB7C51}
		{704B5635-897A-4D29-88C8-05E21866B19F} = {C19979BE-8ECE-4E18-97C1-7EC62EEB7C51}
		{9AAE5282-0AFD-4CE3-BB97-8A4ACF627F8E} = {C19979BE-8ECE-4E18-97C1-7EC62EEB7C51}
	EndGlobalSection
	GlobalSection(ExtensibilityGlobals) = postSolution
		SolutionGuid = {2EF83377-9D3D-407D-89DA-82A9D7E6B66C}
	EndGlobalSection
EndGlobal
